{
  "name": "BharatBytes-Gridlock-Stage-2",
  "lockfileVersion": 3,
  "requires": true,
  "packages": {
    "": {
      "dependencies": {
        "mappls-web-maps": "^3.8.1"
      }
    },
    "node_modules/mappls-web-maps": {
      "version": "3.8.1",
      "resolved": "https://registry.npmjs.org/mappls-web-maps/-/mappls-web-maps-3.8.1.tgz",
      "integrity": "sha512-ZqzQAvOX70n6FeVqO5pgxfQ4uUreBU829MHHHAcjuAoUmiNm9RDE8AASGU6tHkbtZsYxKMRcOZPLbKk/HblYyA==",
      "license": "BSD 3-Clause"
    }
  }
}
